
Microsoft Visual Studio Solution File, Format Version 12.00
# Visual Studio 15
Project("{FAE04EC0-301F-11D3-BF4B-00C04F79EFBC}") = "RandomUser.Domain", "RandomUser.Domain\RandomUser.Domain.csproj", "{6F6F8102-ED4F-47D9-AA78-4EF8FD9D4176}"
EndProject
Project("{FAE04EC0-301F-11D3-BF4B-00C04F79EFBC}") = "RandomUser.Application", "RandomUser.Application\RandomUser.Application.csproj", "{E0891323-AFB0-4412-93B9-D23B2B9D7184}"
EndProject
Project("{FAE04EC0-301F-11D3-BF4B-00C04F79EFBC}") = "RandomUser.Infrastructure", "RandomUser.Infrastructure\RandomUser.Infrastructure.csproj", "{38BF3657-B733-495D-BB97-A23823674A4F}"
EndProject
Project("{FAE04EC0-301F-11D3-BF4B-00C04F79EFBC}") = "RandomUser.WebApi", "RandomUser.WebApi\RandomUser.WebApi.csproj", "{302D0C05-CAA0-42FA-8257-E72108ACBDBA}"
EndProject
Project("{2150E333-8FDC-42A3-9474-1A3956D46DE8}") = "src", "src", "{01C74ABA-751A-41FA-862E-055F9BD2C4F2}"
EndProject
Project("{2150E333-8FDC-42A3-9474-1A3956D46DE8}") = "Tests", "Tests", "{765E08DF-716C-4212-AF67-2CEC26B1DA94}"
EndProject
Project("{FAE04EC0-301F-11D3-BF4B-00C04F79EFBC}") = "RandomUser.Domain.Tests", "RandomUser.Domain.Tests\RandomUser.Domain.Tests.csproj", "{8239088E-D39D-4F67-BBE6-5728F2D49ED0}"
EndProject
Project("{FAE04EC0-301F-11D3-BF4B-00C04F79EFBC}") = "RandomUser.Application.Tests", "RandomUser.Domain.Tests\RandomUser.Application.Tests\RandomUser.Application.Tests.csproj", "{ADA08AB1-18ED-4A65-A86F-4DAC3B683394}"
EndProject
Project("{FAE04EC0-301F-11D3-BF4B-00C04F79EFBC}") = "RandomUser.WebApi.Tests", "RandomUser.Domain.Tests\RandomUser.WebApi.Tests\RandomUser.WebApi.Tests.csproj", "{6C4FC594-5635-4113-A8F9-1AFB80089DBB}"
EndProject
Global
	GlobalSection(SolutionConfigurationPlatforms) = preSolution
		Default|Any CPU = Default|Any CPU
		Debug|Any CPU = Debug|Any CPU
		Release|Any CPU = Release|Any CPU
	EndGlobalSection
	GlobalSection(ProjectConfigurationPlatforms) = postSolution
		{6F6F8102-ED4F-47D9-AA78-4EF8FD9D4176}.Default|Any CPU.ActiveCfg = Debug|Any CPU
		{6F6F8102-ED4F-47D9-AA78-4EF8FD9D4176}.Default|Any CPU.Build.0 = Debug|Any CPU
		{6F6F8102-ED4F-47D9-AA78-4EF8FD9D4176}.Debug|Any CPU.ActiveCfg = Debug|Any CPU
		{6F6F8102-ED4F-47D9-AA78-4EF8FD9D4176}.Debug|Any CPU.Build.0 = Debug|Any CPU
		{6F6F8102-ED4F-47D9-AA78-4EF8FD9D4176}.Release|Any CPU.ActiveCfg = Release|Any CPU
		{6F6F8102-ED4F-47D9-AA78-4EF8FD9D4176}.Release|Any CPU.Build.0 = Release|Any CPU
		{E0891323-AFB0-4412-93B9-D23B2B9D7184}.Default|Any CPU.ActiveCfg = Debug|Any CPU
		{E0891323-AFB0-4412-93B9-D23B2B9D7184}.Default|Any CPU.Build.0 = Debug|Any CPU
		{E0891323-AFB0-4412-93B9-D23B2B9D7184}.Debug|Any CPU.ActiveCfg = Debug|Any CPU
		{E0891323-AFB0-4412-93B9-D23B2B9D7184}.Debug|Any CPU.Build.0 = Debug|Any CPU
		{E0891323-AFB0-4412-93B9-D23B2B9D7184}.Release|Any CPU.ActiveCfg = Release|Any CPU
		{E0891323-AFB0-4412-93B9-D23B2B9D7184}.Release|Any CPU.Build.0 = Release|Any CPU
		{38BF3657-B733-495D-BB97-A23823674A4F}.Default|Any CPU.ActiveCfg = Debug|Any CPU
		{38BF3657-B733-495D-BB97-A23823674A4F}.Default|Any CPU.Build.0 = Debug|Any CPU
		{38BF3657-B733-495D-BB97-A23823674A4F}.Debug|Any CPU.ActiveCfg = Debug|Any CPU
		{38BF3657-B733-495D-BB97-A23823674A4F}.Debug|Any CPU.Build.0 = Debug|Any CPU
		{38BF3657-B733-495D-BB97-A23823674A4F}.Release|Any CPU.ActiveCfg = Release|Any CPU
		{38BF3657-B733-495D-BB97-A23823674A4F}.Release|Any CPU.Build.0 = Release|Any CPU
		{302D0C05-CAA0-42FA-8257-E72108ACBDBA}.Default|Any CPU.ActiveCfg = Debug|Any CPU
		{302D0C05-CAA0-42FA-8257-E72108ACBDBA}.Default|Any CPU.Build.0 = Debug|Any CPU
		{302D0C05-CAA0-42FA-8257-E72108ACBDBA}.Debug|Any CPU.ActiveCfg = Debug|Any CPU
		{302D0C05-CAA0-42FA-8257-E72108ACBDBA}.Debug|Any CPU.Build.0 = Debug|Any CPU
		{302D0C05-CAA0-42FA-8257-E72108ACBDBA}.Release|Any CPU.ActiveCfg = Release|Any CPU
		{302D0C05-CAA0-42FA-8257-E72108ACBDBA}.Release|Any CPU.Build.0 = Release|Any CPU
		{8239088E-D39D-4F67-BBE6-5728F2D49ED0}.Default|Any CPU.ActiveCfg = Debug|Any CPU
		{8239088E-D39D-4F67-BBE6-5728F2D49ED0}.Default|Any CPU.Build.0 = Debug|Any CPU
		{8239088E-D39D-4F67-BBE6-5728F2D49ED0}.Debug|Any CPU.ActiveCfg = Debug|Any CPU
		{8239088E-D39D-4F67-BBE6-5728F2D49ED0}.Debug|Any CPU.Build.0 = Debug|Any CPU
		{8239088E-D39D-4F67-BBE6-5728F2D49ED0}.Release|Any CPU.ActiveCfg = Release|Any CPU
		{8239088E-D39D-4F67-BBE6-5728F2D49ED0}.Release|Any CPU.Build.0 = Release|Any CPU
		{ADA08AB1-18ED-4A65-A86F-4DAC3B683394}.Default|Any CPU.ActiveCfg = Debug|Any CPU
		{ADA08AB1-18ED-4A65-A86F-4DAC3B683394}.Default|Any CPU.Build.0 = Debug|Any CPU
		{ADA08AB1-18ED-4A65-A86F-4DAC3B683394}.Debug|Any CPU.ActiveCfg = Debug|Any CPU
		{ADA08AB1-18ED-4A65-A86F-4DAC3B683394}.Debug|Any CPU.Build.0 = Debug|Any CPU
		{ADA08AB1-18ED-4A65-A86F-4DAC3B683394}.Release|Any CPU.ActiveCfg = Release|Any CPU
		{ADA08AB1-18ED-4A65-A86F-4DAC3B683394}.Release|Any CPU.Build.0 = Release|Any CPU
		{6C4FC594-5635-4113-A8F9-1AFB80089DBB}.Default|Any CPU.ActiveCfg = Debug|Any CPU
		{6C4FC594-5635-4113-A8F9-1AFB80089DBB}.Default|Any CPU.Build.0 = Debug|Any CPU
		{6C4FC594-5635-4113-A8F9-1AFB80089DBB}.Debug|Any CPU.ActiveCfg = Debug|Any CPU
		{6C4FC594-5635-4113-A8F9-1AFB80089DBB}.Debug|Any CPU.Build.0 = Debug|Any CPU
		{6C4FC594-5635-4113-A8F9-1AFB80089DBB}.Release|Any CPU.ActiveCfg = Release|Any CPU
		{6C4FC594-5635-4113-A8F9-1AFB80089DBB}.Release|Any CPU.Build.0 = Release|Any CPU
	EndGlobalSection
	GlobalSection(NestedProjects) = preSolution
		{E0891323-AFB0-4412-93B9-D23B2B9D7184} = {01C74ABA-751A-41FA-862E-055F9BD2C4F2}
		{6F6F8102-ED4F-47D9-AA78-4EF8FD9D4176} = {01C74ABA-751A-41FA-862E-055F9BD2C4F2}
		{38BF3657-B733-495D-BB97-A23823674A4F} = {01C74ABA-751A-41FA-862E-055F9BD2C4F2}
		{302D0C05-CAA0-42FA-8257-E72108ACBDBA} = {01C74ABA-751A-41FA-862E-055F9BD2C4F2}
		{8239088E-D39D-4F67-BBE6-5728F2D49ED0} = {765E08DF-716C-4212-AF67-2CEC26B1DA94}
		{ADA08AB1-18ED-4A65-A86F-4DAC3B683394} = {765E08DF-716C-4212-AF67-2CEC26B1DA94}
		{6C4FC594-5635-4113-A8F9-1AFB80089DBB} = {765E08DF-716C-4212-AF67-2CEC26B1DA94}
	EndGlobalSection
EndGlobal
