
Microsoft Visual Studio Solution File, Format Version 12.00
# Visual Studio 15
Project("{2150E333-8FDC-42A3-9474-1A3956D46DE8}") = "src", "src", "{1E5DA416-82AD-492F-882C-D9B54764FDB8}"
EndProject
Project("{2150E333-8FDC-42A3-9474-1A3956D46DE8}") = "Tests", "Tests", "{1A173656-6E37-435C-B8D2-F544C5115C75}"
EndProject
Project("{FAE04EC0-301F-11D3-BF4B-00C04F79EFBC}") = "RandomUser.Infrastructure", "src\RandomUser.Infrastructure\RandomUser.Infrastructure.csproj", "{41B2F2F3-4314-4604-93A2-1C8DB8B32984}"
EndProject
Project("{FAE04EC0-301F-11D3-BF4B-00C04F79EFBC}") = "RandomUser.Domain", "src\RandomUser.Domain\RandomUser.Domain.csproj", "{FC8BF3F6-C582-40FF-A487-BCD1BCD7D14E}"
EndProject
Project("{FAE04EC0-301F-11D3-BF4B-00C04F79EFBC}") = "RandomUser.Application", "src\RandomUser.Application\RandomUser.Application.csproj", "{AAD604BA-EBBF-4151-B2D8-8FCFF45D0E8D}"
EndProject
Project("{FAE04EC0-301F-11D3-BF4B-00C04F79EFBC}") = "RandomUser.Domain.Tests", "Tests\RandomUser.Domain.Tests\RandomUser.Domain.Tests.csproj", "{9F17ACEB-6C7F-4526-B12F-7A83EDF80D1B}"
EndProject
Project("{FAE04EC0-301F-11D3-BF4B-00C04F79EFBC}") = "RandomUser.Application.Tests", "Tests\RandomUser.Application.Tests\RandomUser.Application.Tests.csproj", "{31359D2D-2409-42DF-BD0E-16F99891C176}"
EndProject
Project("{FAE04EC0-301F-11D3-BF4B-00C04F79EFBC}") = "RandomUser.WebApi", "src\RandomUser.WebApi\RandomUser.WebApi.csproj", "{4CFED2F3-3C9B-4002-AA20-A9365CC7218E}"
EndProject
Global
	GlobalSection(SolutionConfigurationPlatforms) = preSolution
		Default|Any CPU = Default|Any CPU
		Debug|Any CPU = Debug|Any CPU
		Release|Any CPU = Release|Any CPU
	EndGlobalSection
	GlobalSection(ProjectConfigurationPlatforms) = postSolution
		{41B2F2F3-4314-4604-93A2-1C8DB8B32984}.Default|Any CPU.ActiveCfg = Debug|Any CPU
		{41B2F2F3-4314-4604-93A2-1C8DB8B32984}.Default|Any CPU.Build.0 = Debug|Any CPU
		{41B2F2F3-4314-4604-93A2-1C8DB8B32984}.Debug|Any CPU.ActiveCfg = Debug|Any CPU
		{41B2F2F3-4314-4604-93A2-1C8DB8B32984}.Debug|Any CPU.Build.0 = Debug|Any CPU
		{41B2F2F3-4314-4604-93A2-1C8DB8B32984}.Release|Any CPU.ActiveCfg = Release|Any CPU
		{41B2F2F3-4314-4604-93A2-1C8DB8B32984}.Release|Any CPU.Build.0 = Release|Any CPU
		{FC8BF3F6-C582-40FF-A487-BCD1BCD7D14E}.Default|Any CPU.ActiveCfg = Debug|Any CPU
		{FC8BF3F6-C582-40FF-A487-BCD1BCD7D14E}.Default|Any CPU.Build.0 = Debug|Any CPU
		{FC8BF3F6-C582-40FF-A487-BCD1BCD7D14E}.Debug|Any CPU.ActiveCfg = Debug|Any CPU
		{FC8BF3F6-C582-40FF-A487-BCD1BCD7D14E}.Debug|Any CPU.Build.0 = Debug|Any CPU
		{FC8BF3F6-C582-40FF-A487-BCD1BCD7D14E}.Release|Any CPU.ActiveCfg = Release|Any CPU
		{FC8BF3F6-C582-40FF-A487-BCD1BCD7D14E}.Release|Any CPU.Build.0 = Release|Any CPU
		{AAD604BA-EBBF-4151-B2D8-8FCFF45D0E8D}.Default|Any CPU.ActiveCfg = Debug|Any CPU
		{AAD604BA-EBBF-4151-B2D8-8FCFF45D0E8D}.Default|Any CPU.Build.0 = Debug|Any CPU
		{AAD604BA-EBBF-4151-B2D8-8FCFF45D0E8D}.Debug|Any CPU.ActiveCfg = Debug|Any CPU
		{AAD604BA-EBBF-4151-B2D8-8FCFF45D0E8D}.Debug|Any CPU.Build.0 = Debug|Any CPU
		{AAD604BA-EBBF-4151-B2D8-8FCFF45D0E8D}.Release|Any CPU.ActiveCfg = Release|Any CPU
		{AAD604BA-EBBF-4151-B2D8-8FCFF45D0E8D}.Release|Any CPU.Build.0 = Release|Any CPU
		{9F17ACEB-6C7F-4526-B12F-7A83EDF80D1B}.Default|Any CPU.ActiveCfg = Debug|Any CPU
		{9F17ACEB-6C7F-4526-B12F-7A83EDF80D1B}.Default|Any CPU.Build.0 = Debug|Any CPU
		{9F17ACEB-6C7F-4526-B12F-7A83EDF80D1B}.Debug|Any CPU.ActiveCfg = Debug|Any CPU
		{9F17ACEB-6C7F-4526-B12F-7A83EDF80D1B}.Debug|Any CPU.Build.0 = Debug|Any CPU
		{9F17ACEB-6C7F-4526-B12F-7A83EDF80D1B}.Release|Any CPU.ActiveCfg = Release|Any CPU
		{9F17ACEB-6C7F-4526-B12F-7A83EDF80D1B}.Release|Any CPU.Build.0 = Release|Any CPU
		{31359D2D-2409-42DF-BD0E-16F99891C176}.Default|Any CPU.ActiveCfg = Debug|Any CPU
		{31359D2D-2409-42DF-BD0E-16F99891C176}.Default|Any CPU.Build.0 = Debug|Any CPU
		{31359D2D-2409-42DF-BD0E-16F99891C176}.Debug|Any CPU.ActiveCfg = Debug|Any CPU
		{31359D2D-2409-42DF-BD0E-16F99891C176}.Debug|Any CPU.Build.0 = Debug|Any CPU
		{31359D2D-2409-42DF-BD0E-16F99891C176}.Release|Any CPU.ActiveCfg = Release|Any CPU
		{31359D2D-2409-42DF-BD0E-16F99891C176}.Release|Any CPU.Build.0 = Release|Any CPU
		{4CFED2F3-3C9B-4002-AA20-A9365CC7218E}.Default|Any CPU.ActiveCfg = Debug|Any CPU
		{4CFED2F3-3C9B-4002-AA20-A9365CC7218E}.Default|Any CPU.Build.0 = Debug|Any CPU
		{4CFED2F3-3C9B-4002-AA20-A9365CC7218E}.Debug|Any CPU.ActiveCfg = Debug|Any CPU
		{4CFED2F3-3C9B-4002-AA20-A9365CC7218E}.Debug|Any CPU.Build.0 = Debug|Any CPU
		{4CFED2F3-3C9B-4002-AA20-A9365CC7218E}.Release|Any CPU.ActiveCfg = Release|Any CPU
		{4CFED2F3-3C9B-4002-AA20-A9365CC7218E}.Release|Any CPU.Build.0 = Release|Any CPU
	EndGlobalSection
	GlobalSection(NestedProjects) = preSolution
		{41B2F2F3-4314-4604-93A2-1C8DB8B32984} = {1E5DA416-82AD-492F-882C-D9B54764FDB8}
		{FC8BF3F6-C582-40FF-A487-BCD1BCD7D14E} = {1E5DA416-82AD-492F-882C-D9B54764FDB8}
		{AAD604BA-EBBF-4151-B2D8-8FCFF45D0E8D} = {1E5DA416-82AD-492F-882C-D9B54764FDB8}
		{9F17ACEB-6C7F-4526-B12F-7A83EDF80D1B} = {1A173656-6E37-435C-B8D2-F544C5115C75}
		{31359D2D-2409-42DF-BD0E-16F99891C176} = {1A173656-6E37-435C-B8D2-F544C5115C75}
		{4CFED2F3-3C9B-4002-AA20-A9365CC7218E} = {1E5DA416-82AD-492F-882C-D9B54764FDB8}
	EndGlobalSection
EndGlobal
